
Microsoft Visual Studio Solution File, Format Version 12.00
# Visual Studio Version 16
VisualStudioVersion = 16.0.29512.175
MinimumVisualStudioVersion = 10.0.40219.1
Project("{FAE04EC0-301F-11D3-BF4B-00C04F79EFBC}") = "CheckboxPractice", "CheckboxPractice\CheckboxPractice.csproj", "{08471E5C-37E9-4C1A-816F-6A38470A41DB}"
EndProject
Global
	GlobalSection(SolutionConfigurationPlatforms) = preSolution
		Debug|Any CPU = Debug|Any CPU
		Release|Any CPU = Release|Any CPU
	EndGlobalSection
	GlobalSection(ProjectConfigurationPlatforms) = postSolution
		{08471E5C-37E9-4C1A-816F-6A38470A41DB}.Debug|Any CPU.ActiveCfg = Debug|Any CPU
		{08471E5C-37E9-4C1A-816F-6A38470A41DB}.Debug|Any CPU.Build.0 = Debug|Any CPU
		{08471E5C-37E9-4C1A-816F-6A38470A41DB}.Release|Any CPU.ActiveCfg = Release|Any CPU
		{08471E5C-37E9-4C1A-816F-6A38470A41DB}.Release|Any CPU.Build.0 = Release|Any CPU
	EndGlobalSection
	GlobalSection(SolutionProperties) = preSolution
		HideSolutionNode = FALSE
	EndGlobalSection
	GlobalSection(ExtensibilityGlobals) = postSolution
		SolutionGuid = {0D2CFB7F-1621-4B7F-96FD-8ED99A1D9A40}
	EndGlobalSection
EndGlobal
